<?xml version="1.0" encoding="utf-8"?>
<Project ToolsVersion="4.0" xmlns="http://schemas.microsoft.com/developer/msbuild/2003">
  <ItemGroup>
    <Filter Include="Source Files">
      <UniqueIdentifier>{4FC737F1-C7A5-4376-A066-2A32D752A2FF}</UniqueIdentifier>
      <Extensions>cpp;c;cc;cxx;c++;cppm;ixx;def;odl;idl;hpj;bat;asm;asmx</Extensions>
    </Filter>
    <Filter Include="Header Files">
      <UniqueIdentifier>{93995380-89BD-4b04-88EB-625FBE52EBFB}</UniqueIdentifier>
      <Extensions>h;hh;hpp;hxx;h++;hm;inl;inc;ipp;xsd</Extensions>
    </Filter>
    <Filter Include="Resource Files">
      <UniqueIdentifier>{67DA6AB6-F800-4c08-8B7A-83BB121AAD01}</UniqueIdentifier>
      <Extensions>rc;ico;cur;bmp;dlg;rc2;rct;bin;rgs;gif;jpg;jpeg;jpe;resx;tiff;tif;png;wav;mfcribbon-ms</Extensions>
    </Filter>
    <Filter Include="Assets">
      <UniqueIdentifier>{67fa7555-a40d-4133-a7bc-8822890143a3}</UniqueIdentifier>
    </Filter>
  </ItemGroup>
  <ItemGroup>
    <ClCompile Include="Project\src\Main.cpp">
      <Filter>Source Files</Filter>
    </ClCompile>
    <ClCompile Include="..\..\..\Libraries\glad_gles3\src\gles2.c">
      <Filter>Source Files</Filter>
    </ClCompile>
    <ClCompile Include="Project\src\Window.cpp">
      <Filter>Source Files</Filter>
    </ClCompile>
    <ClCompile Include="Project\src\Texture.cpp">
      <Filter>Source Files</Filter>
    </ClCompile>
    <ClCompile Include="Project\src\CanvasShader.cpp">
      <Filter>Source Files</Filter>
    </ClCompile>
    <ClCompile Include="Project\src\Canvas.cpp">
      <Filter>Source Files</Filter>
    </ClCompile>
    <ClCompile Include="Project\src\InputManager.cpp">
      <Filter>Source Files</Filter>
    </ClCompile>
    <ClCompile Include="Project\src\Player.cpp">
      <Filter>Source Files</Filter>
    </ClCompile>
    <ClCompile Include="Project\src\Render.cpp">
      <Filter>Source Files</Filter>
    </ClCompile>
    <ClCompile Include="Project\src\RaycastRender.cpp">
      <Filter>Source Files</Filter>
    </ClCompile>
    <ClCompile Include="Project\src\Level.cpp">
      <Filter>Source Files</Filter>
    </ClCompile>
    <ClCompile Include="Project\src\TextureManager.cpp">
      <Filter>Source Files</Filter>
    </ClCompile>
    <ClCompile Include="Project\src\LevelTexture.cpp">
      <Filter>Source Files</Filter>
    </ClCompile>
  </ItemGroup>
  <ItemGroup>
    <None Include="Project\data\main.vert.glsl" />
    <None Include="Project\data\main.frag.glsl" />
  </ItemGroup>
  <ItemGroup>
    <ClInclude Include="Project\include\Window.hpp">
      <Filter>Header Files</Filter>
    </ClInclude>
    <ClInclude Include="Project\include\Texture.hpp">
      <Filter>Header Files</Filter>
    </ClInclude>
    <ClInclude Include="Project\include\glPortableHeaders.hpp">
      <Filter>Header Files</Filter>
    </ClInclude>
    <ClInclude Include="Project\include\CanvasShader.hpp">
      <Filter>Header Files</Filter>
    </ClInclude>
    <ClInclude Include="Project\include\Canvas.hpp">
      <Filter>Header Files</Filter>
    </ClInclude>
    <ClInclude Include="Project\include\InputManager.hpp">
      <Filter>Header Files</Filter>
    </ClInclude>
    <ClInclude Include="Project\include\Player.hpp">
      <Filter>Header Files</Filter>
    </ClInclude>
    <ClInclude Include="Project\include\RaycastRender.hpp">
      <Filter>Header Files</Filter>
    </ClInclude>
    <ClInclude Include="Project\include\Level.hpp">
      <Filter>Header Files</Filter>
    </ClInclude>
    <ClInclude Include="Project\include\TextureManager.hpp">
      <Filter>Header Files</Filter>
    </ClInclude>
    <ClInclude Include="Project\include\LevelTexture.hpp">
      <Filter>Header Files</Filter>
    </ClInclude>
    <ClInclude Include="Project\include\MathUtils.hpp">
      <Filter>Header Files</Filter>
    </ClInclude>
  </ItemGroup>
  <ItemGroup>
    <Text Include="Project\todo.txt" />
    <Text Include="Project\trash.txt" />
  </ItemGroup>
</Project>